
Microsoft Visual Studio Solution File, Format Version 12.00
# Visual Studio Version 16
VisualStudioVersion = 16.0.30104.148
MinimumVisualStudioVersion = 10.0.40219.1
Project("{FAE04EC0-301F-11D3-BF4B-00C04F79EFBC}") = "project-winform", "project-winform.csproj", "{A2AC0FEC-7C1A-451C-8CCA-3CD4A7975349}"
EndProject
Global
	GlobalSection(SolutionConfigurationPlatforms) = preSolution
		Debug|Any CPU = Debug|Any CPU
		Debug|x64 = Debug|x64
		Release|Any CPU = Release|Any CPU
		Release|x64 = Release|x64
	EndGlobalSection
	GlobalSection(ProjectConfigurationPlatforms) = postSolution
		{A2AC0FEC-7C1A-451C-8CCA-3CD4A7975349}.Debug|Any CPU.ActiveCfg = Debug|Any CPU
		{A2AC0FEC-7C1A-451C-8CCA-3CD4A7975349}.Debug|Any CPU.Build.0 = Debug|Any CPU
		{A2AC0FEC-7C1A-451C-8CCA-3CD4A7975349}.Debug|x64.ActiveCfg = Debug|x64
		{A2AC0FEC-7C1A-451C-8CCA-3CD4A7975349}.Debug|x64.Build.0 = Debug|x64
		{A2AC0FEC-7C1A-451C-8CCA-3CD4A7975349}.Release|Any CPU.ActiveCfg = Release|Any CPU
		{A2AC0FEC-7C1A-451C-8CCA-3CD4A7975349}.Release|Any CPU.Build.0 = Release|Any CPU
		{A2AC0FEC-7C1A-451C-8CCA-3CD4A7975349}.Release|x64.ActiveCfg = Release|x64
		{A2AC0FEC-7C1A-451C-8CCA-3CD4A7975349}.Release|x64.Build.0 = Release|x64
	EndGlobalSection
	GlobalSection(SolutionProperties) = preSolution
		HideSolutionNode = FALSE
	EndGlobalSection
	GlobalSection(ExtensibilityGlobals) = postSolution
		SolutionGuid = {9E779BED-9730-4283-8931-C3D91F2D60A7}
	EndGlobalSection
EndGlobal
