
Microsoft Visual Studio Solution File, Format Version 12.00
# Visual Studio 14
VisualStudioVersion = 14.0.25420.1
MinimumVisualStudioVersion = 10.0.40219.1
Project("{FAE04EC0-301F-11D3-BF4B-00C04F79EFBC}") = "project-winform", "project-winform.csproj", "{A2AC0FEC-7C1A-451C-8CCA-3CD4A7975349}"
EndProject
Global
	GlobalSection(SolutionConfigurationPlatforms) = preSolution
		Debug|Any CPU = Debug|Any CPU
		Release|Any CPU = Release|Any CPU
	EndGlobalSection
	GlobalSection(ProjectConfigurationPlatforms) = postSolution
		{A2AC0FEC-7C1A-451C-8CCA-3CD4A7975349}.Debug|Any CPU.ActiveCfg = Debug|Any CPU
		{A2AC0FEC-7C1A-451C-8CCA-3CD4A7975349}.Debug|Any CPU.Build.0 = Debug|Any CPU
		{A2AC0FEC-7C1A-451C-8CCA-3CD4A7975349}.Release|Any CPU.ActiveCfg = Release|Any CPU
		{A2AC0FEC-7C1A-451C-8CCA-3CD4A7975349}.Release|Any CPU.Build.0 = Release|Any CPU
	EndGlobalSection
	GlobalSection(SolutionProperties) = preSolution
		HideSolutionNode = FALSE
	EndGlobalSection
EndGlobal
